
Microsoft Visual Studio Solution File, Format Version 12.00
# Visual Studio Version 17
VisualStudioVersion = 17.12.35527.113
MinimumVisualStudioVersion = 10.0.40219.1
Project("{FAE04EC0-301F-11D3-BF4B-00C04F79EFBC}") = "TheSampleApi", "TheSampleApi\TheSampleApi.csproj", "{E6D07238-79E5-4BDC-B9A8-646F644D2765}"
EndProject
Project("{FAE04EC0-301F-11D3-BF4B-00C04F79EFBC}") = "SampleTestUI", "SampleTestUI\SampleTestUI.csproj", "{5A5B0153-154D-4DC1-8DEB-EF3D9C245DF6}"
EndProject
Global
	GlobalSection(SolutionConfigurationPlatforms) = preSolution
		Debug|Any CPU = Debug|Any CPU
		Release|Any CPU = Release|Any CPU
	EndGlobalSection
	GlobalSection(ProjectConfigurationPlatforms) = postSolution
		{E6D07238-79E5-4BDC-B9A8-646F644D2765}.Debug|Any CPU.ActiveCfg = Debug|Any CPU
		{E6D07238-79E5-4BDC-B9A8-646F644D2765}.Debug|Any CPU.Build.0 = Debug|Any CPU
		{E6D07238-79E5-4BDC-B9A8-646F644D2765}.Release|Any CPU.ActiveCfg = Release|Any CPU
		{E6D07238-79E5-4BDC-B9A8-646F644D2765}.Release|Any CPU.Build.0 = Release|Any CPU
		{5A5B0153-154D-4DC1-8DEB-EF3D9C245DF6}.Debug|Any CPU.ActiveCfg = Debug|Any CPU
		{5A5B0153-154D-4DC1-8DEB-EF3D9C245DF6}.Debug|Any CPU.Build.0 = Debug|Any CPU
		{5A5B0153-154D-4DC1-8DEB-EF3D9C245DF6}.Release|Any CPU.ActiveCfg = Release|Any CPU
		{5A5B0153-154D-4DC1-8DEB-EF3D9C245DF6}.Release|Any CPU.Build.0 = Release|Any CPU
	EndGlobalSection
	GlobalSection(SolutionProperties) = preSolution
		HideSolutionNode = FALSE
	EndGlobalSection
EndGlobal
